
Microsoft Visual Studio Solution File, Format Version 12.00
# Visual Studio Version 17
VisualStudioVersion = 17.8.34330.188
MinimumVisualStudioVersion = 10.0.40219.1
Project("{9A19103F-16F7-4668-BE54-9A1E7A4F7556}") = "MauiApp98", "MauiApp98\MauiApp98.csproj", "{AB7C98C6-E5ED-417C-ADE4-EBAAEF98F11A}"
EndProject
Global
	GlobalSection(SolutionConfigurationPlatforms) = preSolution
		Debug|Any CPU = Debug|Any CPU
		Release|Any CPU = Release|Any CPU
	EndGlobalSection
	GlobalSection(ProjectConfigurationPlatforms) = postSolution
		{AB7C98C6-E5ED-417C-ADE4-EBAAEF98F11A}.Debug|Any CPU.ActiveCfg = Debug|Any CPU
		{AB7C98C6-E5ED-417C-ADE4-EBAAEF98F11A}.Debug|Any CPU.Build.0 = Debug|Any CPU
		{AB7C98C6-E5ED-417C-ADE4-EBAAEF98F11A}.Debug|Any CPU.Deploy.0 = Debug|Any CPU
		{AB7C98C6-E5ED-417C-ADE4-EBAAEF98F11A}.Release|Any CPU.ActiveCfg = Release|Any CPU
		{AB7C98C6-E5ED-417C-ADE4-EBAAEF98F11A}.Release|Any CPU.Build.0 = Release|Any CPU
	EndGlobalSection
	GlobalSection(SolutionProperties) = preSolution
		HideSolutionNode = FALSE
	EndGlobalSection
	GlobalSection(ExtensibilityGlobals) = postSolution
		SolutionGuid = {C4260496-70A1-4E04-B988-484B263914EE}
	EndGlobalSection
EndGlobal
